// !$*UTF8*$!
{
	archiveVersion = 1;
	classes = {
	};
	objectVersion = 77;
	objects = {

/* Begin PBXContainerItemProxy section */
		12459AE62FD133B200034B5E /* PBXContainerItemProxy */ = {
			isa = PBXContainerItemProxy;
			containerPortal = 12459ACE2FD133B100034B5E /* Project object */;
			proxyType = 1;
			remoteGlobalIDString = 12459AD52FD133B100034B5E;
			remoteInfo = Rupa;
		};
		12459AF02FD133B200034B5E /* PBXContainerItemProxy */ = {
			isa = PBXContainerItemProxy;
			containerPortal = 12459ACE2FD133B100034B5E /* Project object */;
			proxyType = 1;
			remoteGlobalIDString = 12459AD52FD133B100034B5E;
			remoteInfo = Rupa;
		};
/* End PBXContainerItemProxy section */

/* Begin PBXBuildFile section */
		A7A6D66BA40B4A3CA7F536C4 /* RupaUI in Frameworks */ = {isa = PBXBuildFile; productRef = 43970828C8FF4D0C816A6D80 /* RupaUI */; };
		A7A6D66CA40B4A3CA7F536C4 /* RupaAgentUI in Frameworks */ = {isa = PBXBuildFile; productRef = 43970829C8FF4D0C816A6D80 /* RupaAgentUI */; };
/* End PBXBuildFile section */

/* Begin PBXFileReference section */
		12459AD62FD133B100034B5E /* Rupa.app */ = {isa = PBXFileReference; explicitFileType = wrapper.application; includeInIndex = 0; path = Rupa.app; sourceTree = BUILT_PRODUCTS_DIR; };
		12459AE52FD133B200034B5E /* RupaTests.xctest */ = {isa = PBXFileReference; explicitFileType = wrapper.cfbundle; includeInIndex = 0; path = RupaTests.xctest; sourceTree = BUILT_PRODUCTS_DIR; };
		12459AEF2FD133B200034B5E /* RupaUITests.xctest */ = {isa = PBXFileReference; explicitFileType = wrapper.cfbundle; includeInIndex = 0; path = RupaUITests.xctest; sourceTree = BUILT_PRODUCTS_DIR; };
/* End PBXFileReference section */

/* Begin PBXFileSystemSynchronizedRootGroup section */
		12459AD82FD133B100034B5E /* Rupa */ = {
			isa = PBXFileSystemSynchronizedRootGroup;
			path = Rupa;
			sourceTree = "<group>";
		};
		12459AE82FD133B200034B5E /* RupaTests */ = {
			isa = PBXFileSystemSynchronizedRootGroup;
			path = RupaTests;
			sourceTree = "<group>";
		};
		12459AF22FD133B200034B5E /* RupaUITests */ = {
			isa = PBXFileSystemSynchronizedRootGroup;
			path = RupaUITests;
			sourceTree = "<group>";
		};
/* End PBXFileSystemSynchronizedRootGroup section */

/* Begin PBXFrameworksBuildPhase section */
		12459AD32FD133B100034B5E /* Frameworks */ = {
			isa = PBXFrameworksBuildPhase;
			buildActionMask = 2147483647;
			files = (
				A7A6D66BA40B4A3CA7F536C4 /* RupaUI in Frameworks */,
				A7A6D66CA40B4A3CA7F536C4 /* RupaAgentUI in Frameworks */,
			);
			runOnlyForDeploymentPostprocessing = 0;
		};
		12459AE22FD133B200034B5E /* Frameworks */ = {
			isa = PBXFrameworksBuildPhase;
			buildActionMask = 2147483647;
			files = (
			);
			runOnlyForDeploymentPostprocessing = 0;
		};
		12459AEC2FD133B200034B5E /* Frameworks */ = {
			isa = PBXFrameworksBuildPhase;
			buildActionMask = 2147483647;
			files = (
			);
			runOnlyForDeploymentPostprocessing = 0;
		};
/* End PBXFrameworksBuildPhase section */

/* Begin PBXGroup section */
		12459ACD2FD133B100034B5E = {
			isa = PBXGroup;
			children = (
				12459AD82FD133B100034B5E /* Rupa */,
				12459AE82FD133B200034B5E /* RupaTests */,
				12459AF22FD133B200034B5E /* RupaUITests */,
				12459AD72FD133B100034B5E /* Products */,
			);
			sourceTree = "<group>";
		};
		12459AD72FD133B100034B5E /* Products */ = {
			isa = PBXGroup;
			children = (
				12459AD62FD133B100034B5E /* Rupa.app */,
				12459AE52FD133B200034B5E /* RupaTests.xctest */,
				12459AEF2FD133B200034B5E /* RupaUITests.xctest */,
			);
			name = Products;
			sourceTree = "<group>";
		};
/* End PBXGroup section */

/* Begin PBXNativeTarget section */
		12459AD52FD133B100034B5E /* Rupa */ = {
			isa = PBXNativeTarget;
			buildConfigurationList = 12459AF92FD133B200034B5E /* Build configuration list for PBXNativeTarget "Rupa" */;
			buildPhases = (
				12459AD22FD133B100034B5E /* Sources */,
				12459AD32FD133B100034B5E /* Frameworks */,
				12459AD42FD133B100034B5E /* Resources */,
			);
			buildRules = (
			);
			dependencies = (
			);
			fileSystemSynchronizedGroups = (
				12459AD82FD133B100034B5E /* Rupa */,
			);
			name = Rupa;
			packageProductDependencies = (
				43970828C8FF4D0C816A6D80 /* RupaUI */,
				43970829C8FF4D0C816A6D80 /* RupaAgentUI */,
			);
			productName = Rupa;
			productReference = 12459AD62FD133B100034B5E /* Rupa.app */;
			productType = "com.apple.product-type.application";
		};
		12459AE42FD133B200034B5E /* RupaTests */ = {
			isa = PBXNativeTarget;
			buildConfigurationList = 12459AFC2FD133B200034B5E /* Build configuration list for PBXNativeTarget "RupaTests" */;
			buildPhases = (
				12459AE12FD133B200034B5E /* Sources */,
				12459AE22FD133B200034B5E /* Frameworks */,
				12459AE32FD133B200034B5E /* Resources */,
			);
			buildRules = (
			);
			dependencies = (
				12459AE72FD133B200034B5E /* PBXTargetDependency */,
			);
			fileSystemSynchronizedGroups = (
				12459AE82FD133B200034B5E /* RupaTests */,
			);
			name = RupaTests;
			packageProductDependencies = (
			);
			productName = RupaTests;
			productReference = 12459AE52FD133B200034B5E /* RupaTests.xctest */;
			productType = "com.apple.product-type.bundle.unit-test";
		};
		12459AEE2FD133B200034B5E /* RupaUITests */ = {
			isa = PBXNativeTarget;
			buildConfigurationList = 12459AFF2FD133B200034B5E /* Build configuration list for PBXNativeTarget "RupaUITests" */;
			buildPhases = (
				12459AEB2FD133B200034B5E /* Sources */,
				12459AEC2FD133B200034B5E /* Frameworks */,
				12459AED2FD133B200034B5E /* Resources */,
			);
			buildRules = (
			);
			dependencies = (
				12459AF12FD133B200034B5E /* PBXTargetDependency */,
			);
			fileSystemSynchronizedGroups = (
				12459AF22FD133B200034B5E /* RupaUITests */,
			);
			name = RupaUITests;
			packageProductDependencies = (
			);
			productName = RupaUITests;
			productReference = 12459AEF2FD133B200034B5E /* RupaUITests.xctest */;
			productType = "com.apple.product-type.bundle.ui-testing";
		};
/* End PBXNativeTarget section */

/* Begin PBXProject section */
		12459ACE2FD133B100034B5E /* Project object */ = {
			isa = PBXProject;
			attributes = {
				BuildIndependentTargetsInParallel = 1;
				LastSwiftUpdateCheck = 2640;
				LastUpgradeCheck = 2640;
				TargetAttributes = {
					12459AD52FD133B100034B5E = {
						CreatedOnToolsVersion = 26.4.1;
					};
					12459AE42FD133B200034B5E = {
						CreatedOnToolsVersion = 26.4.1;
						TestTargetID = 12459AD52FD133B100034B5E;
					};
					12459AEE2FD133B200034B5E = {
						CreatedOnToolsVersion = 26.4.1;
						TestTargetID = 12459AD52FD133B100034B5E;
					};
				};
			};
			buildConfigurationList = 12459AD12FD133B100034B5E /* Build configuration list for PBXProject "Rupa" */;
			developmentRegion = en;
			hasScannedForEncodings = 0;
			knownRegions = (
				en,
				Base,
			);
			mainGroup = 12459ACD2FD133B100034B5E;
			minimizedProjectReferenceProxies = 1;
			packageReferences = (
				04A0884D275749F9B7818D23 /* XCLocalSwiftPackageReference "../../RupaKit" */,
			);
			preferredProjectObjectVersion = 77;
			productRefGroup = 12459AD72FD133B100034B5E /* Products */;
			projectDirPath = "";
			projectRoot = "";
			targets = (
				12459AD52FD133B100034B5E /* Rupa */,
				12459AE42FD133B200034B5E /* RupaTests */,
				12459AEE2FD133B200034B5E /* RupaUITests */,
			);
		};
/* End PBXProject section */

/* Begin PBXResourcesBuildPhase section */
		12459AD42FD133B100034B5E /* Resources */ = {
			isa = PBXResourcesBuildPhase;
			buildActionMask = 2147483647;
			files = (
			);
			runOnlyForDeploymentPostprocessing = 0;
		};
		12459AE32FD133B200034B5E /* Resources */ = {
			isa = PBXResourcesBuildPhase;
			buildActionMask = 2147483647;
			files = (
			);
			runOnlyForDeploymentPostprocessing = 0;
		};
		12459AED2FD133B200034B5E /* Resources */ = {
			isa = PBXResourcesBuildPhase;
			buildActionMask = 2147483647;
			files = (
			);
			runOnlyForDeploymentPostprocessing = 0;
		};
/* End PBXResourcesBuildPhase section */

/* Begin PBXSourcesBuildPhase section */
		12459AD22FD133B100034B5E /* Sources */ = {
			isa = PBXSourcesBuildPhase;
			buildActionMask = 2147483647;
			files = (
			);
			runOnlyForDeploymentPostprocessing = 0;
		};
		12459AE12FD133B200034B5E /* Sources */ = {
			isa = PBXSourcesBuildPhase;
			buildActionMask = 2147483647;
			files = (
			);
			runOnlyForDeploymentPostprocessing = 0;
		};
		12459AEB2FD133B200034B5E /* Sources */ = {
			isa = PBXSourcesBuildPhase;
			buildActionMask = 2147483647;
			files = (
			);
			runOnlyForDeploymentPostprocessing = 0;
		};
/* End PBXSourcesBuildPhase section */

/* Begin PBXTargetDependency section */
		12459AE72FD133B200034B5E /* PBXTargetDependency */ = {
			isa = PBXTargetDependency;
			target = 12459AD52FD133B100034B5E /* Rupa */;
			targetProxy = 12459AE62FD133B200034B5E /* PBXContainerItemProxy */;
		};
		12459AF12FD133B200034B5E /* PBXTargetDependency */ = {
			isa = PBXTargetDependency;
			target = 12459AD52FD133B100034B5E /* Rupa */;
			targetProxy = 12459AF02FD133B200034B5E /* PBXContainerItemProxy */;
		};
/* End PBXTargetDependency section */

/* Begin XCBuildConfiguration section */
		12459AF72FD133B200034B5E /* Debug */ = {
			isa = XCBuildConfiguration;
			buildSettings = {
				ALWAYS_SEARCH_USER_PATHS = NO;
				ASSETCATALOG_COMPILER_GENERATE_SWIFT_ASSET_SYMBOL_EXTENSIONS = YES;
				CLANG_ANALYZER_NONNULL = YES;
				CLANG_ANALYZER_NUMBER_OBJECT_CONVERSION = YES_AGGRESSIVE;
				CLANG_CXX_LANGUAGE_STANDARD = "gnu++20";
				CLANG_ENABLE_MODULES = YES;
				CLANG_ENABLE_OBJC_ARC = YES;
				CLANG_ENABLE_OBJC_WEAK = YES;
				CLANG_WARN_BLOCK_CAPTURE_AUTORELEASING = YES;
				CLANG_WARN_BOOL_CONVERSION = YES;
				CLANG_WARN_COMMA = YES;
				CLANG_WARN_CONSTANT_CONVERSION = YES;
				CLANG_WARN_DEPRECATED_OBJC_IMPLEMENTATIONS = YES;
				CLANG_WARN_DIRECT_OBJC_ISA_USAGE = YES_ERROR;
				CLANG_WARN_DOCUMENTATION_COMMENTS = YES;
				CLANG_WARN_EMPTY_BODY = YES;
				CLANG_WARN_ENUM_CONVERSION = YES;
				CLANG_WARN_INFINITE_RECURSION = YES;
				CLANG_WARN_INT_CONVERSION = YES;
				CLANG_WARN_NON_LITERAL_NULL_CONVERSION = YES;
				CLANG_WARN_OBJC_IMPLICIT_RETAIN_SELF = YES;
				CLANG_WARN_OBJC_LITERAL_CONVERSION = YES;
				CLANG_WARN_OBJC_ROOT_CLASS = YES_ERROR;
				CLANG_WARN_QUOTED_INCLUDE_IN_FRAMEWORK_HEADER = YES;
				CLANG_WARN_RANGE_LOOP_ANALYSIS = YES;
				CLANG_WARN_STRICT_PROTOTYPES = YES;
				CLANG_WARN_SUSPICIOUS_MOVE = YES;
				CLANG_WARN_UNGUARDED_AVAILABILITY = YES_AGGRESSIVE;
				CLANG_WARN_UNREACHABLE_CODE = YES;
				CLANG_WARN__DUPLICATE_METHOD_MATCH = YES;
				COPY_PHASE_STRIP = NO;
				DEBUG_INFORMATION_FORMAT = dwarf;
				DEVELOPMENT_TEAM = WWCKBW8CKN;
				ENABLE_STRICT_OBJC_MSGSEND = YES;
				ENABLE_TESTABILITY = YES;
				ENABLE_USER_SCRIPT_SANDBOXING = YES;
				GCC_C_LANGUAGE_STANDARD = gnu17;
				GCC_DYNAMIC_NO_PIC = NO;
				GCC_NO_COMMON_BLOCKS = YES;
				GCC_OPTIMIZATION_LEVEL = 0;
				GCC_PREPROCESSOR_DEFINITIONS = (
					"DEBUG=1",
					"$(inherited)",
				);
				GCC_WARN_64_TO_32_BIT_CONVERSION = YES;
				GCC_WARN_ABOUT_RETURN_TYPE = YES_ERROR;
				GCC_WARN_UNDECLARED_SELECTOR = YES;
				GCC_WARN_UNINITIALIZED_AUTOS = YES_AGGRESSIVE;
				GCC_WARN_UNUSED_FUNCTION = YES;
				GCC_WARN_UNUSED_VARIABLE = YES;
				LOCALIZATION_PREFERS_STRING_CATALOGS = YES;
				MACOSX_DEPLOYMENT_TARGET = 26.0;
				MTL_ENABLE_DEBUG_INFO = INCLUDE_SOURCE;
				MTL_FAST_MATH = YES;
				ONLY_ACTIVE_ARCH = YES;
				SDKROOT = macosx;
				SWIFT_ACTIVE_COMPILATION_CONDITIONS = "DEBUG $(inherited)";
				SWIFT_OPTIMIZATION_LEVEL = "-Onone";
			};
			name = Debug;
		};
		12459AF82FD133B200034B5E /* Release */ = {
			isa = XCBuildConfiguration;
			buildSettings = {
				ALWAYS_SEARCH_USER_PATHS = NO;
				ASSETCATALOG_COMPILER_GENERATE_SWIFT_ASSET_SYMBOL_EXTENSIONS = YES;
				CLANG_ANALYZER_NONNULL = YES;
				CLANG_ANALYZER_NUMBER_OBJECT_CONVERSION = YES_AGGRESSIVE;
				CLANG_CXX_LANGUAGE_STANDARD = "gnu++20";
				CLANG_ENABLE_MODULES = YES;
				CLANG_ENABLE_OBJC_ARC = YES;
				CLANG_ENABLE_OBJC_WEAK = YES;
				CLANG_WARN_BLOCK_CAPTURE_AUTORELEASING = YES;
				CLANG_WARN_BOOL_CONVERSION = YES;
				CLANG_WARN_COMMA = YES;
				CLANG_WARN_CONSTANT_CONVERSION = YES;
				CLANG_WARN_DEPRECATED_OBJC_IMPLEMENTATIONS = YES;
				CLANG_WARN_DIRECT_OBJC_ISA_USAGE = YES_ERROR;
				CLANG_WARN_DOCUMENTATION_COMMENTS = YES;
				CLANG_WARN_EMPTY_BODY = YES;
				CLANG_WARN_ENUM_CONVERSION = YES;
				CLANG_WARN_INFINITE_RECURSION = YES;
				CLANG_WARN_INT_CONVERSION = YES;
				CLANG_WARN_NON_LITERAL_NULL_CONVERSION = YES;
				CLANG_WARN_OBJC_IMPLICIT_RETAIN_SELF = YES;
				CLANG_WARN_OBJC_LITERAL_CONVERSION = YES;
				CLANG_WARN_OBJC_ROOT_CLASS = YES_ERROR;
				CLANG_WARN_QUOTED_INCLUDE_IN_FRAMEWORK_HEADER = YES;
				CLANG_WARN_RANGE_LOOP_ANALYSIS = YES;
				CLANG_WARN_STRICT_PROTOTYPES = YES;
				CLANG_WARN_SUSPICIOUS_MOVE = YES;
				CLANG_WARN_UNGUARDED_AVAILABILITY = YES_AGGRESSIVE;
				CLANG_WARN_UNREACHABLE_CODE = YES;
				CLANG_WARN__DUPLICATE_METHOD_MATCH = YES;
				COPY_PHASE_STRIP = NO;
				DEBUG_INFORMATION_FORMAT = "dwarf-with-dsym";
				DEVELOPMENT_TEAM = WWCKBW8CKN;
				ENABLE_NS_ASSERTIONS = NO;
				ENABLE_STRICT_OBJC_MSGSEND = YES;
				ENABLE_USER_SCRIPT_SANDBOXING = YES;
				GCC_C_LANGUAGE_STANDARD = gnu17;
				GCC_NO_COMMON_BLOCKS = YES;
				GCC_WARN_64_TO_32_BIT_CONVERSION = YES;
				GCC_WARN_ABOUT_RETURN_TYPE = YES_ERROR;
				GCC_WARN_UNDECLARED_SELECTOR = YES;
				GCC_WARN_UNINITIALIZED_AUTOS = YES_AGGRESSIVE;
				GCC_WARN_UNUSED_FUNCTION = YES;
				GCC_WARN_UNUSED_VARIABLE = YES;
				LOCALIZATION_PREFERS_STRING_CATALOGS = YES;
				MACOSX_DEPLOYMENT_TARGET = 26.0;
				MTL_ENABLE_DEBUG_INFO = NO;
				MTL_FAST_MATH = YES;
				SDKROOT = macosx;
				SWIFT_COMPILATION_MODE = wholemodule;
			};
			name = Release;
		};
		12459AFA2FD133B200034B5E /* Debug */ = {
			isa = XCBuildConfiguration;
			buildSettings = {
				ASSETCATALOG_COMPILER_APPICON_NAME = AppIcon;
				ASSETCATALOG_COMPILER_GLOBAL_ACCENT_COLOR_NAME = AccentColor;
				CODE_SIGN_ENTITLEMENTS = Rupa/Rupa.entitlements;
				CODE_SIGN_STYLE = Automatic;
				COMBINE_HIDPI_IMAGES = YES;
				CURRENT_PROJECT_VERSION = 1;
				DEVELOPMENT_TEAM = WWCKBW8CKN;
				ENABLE_APP_SANDBOX = YES;
				ENABLE_HARDENED_RUNTIME = YES;
				ENABLE_PREVIEWS = YES;
				ENABLE_USER_SELECTED_FILES = readonly;
				GENERATE_INFOPLIST_FILE = YES;
				INFOPLIST_KEY_NSHumanReadableCopyright = "";
				LD_RUNPATH_SEARCH_PATHS = (
					"$(inherited)",
					"@executable_path/../Frameworks",
				);
				MARKETING_VERSION = 1.0;
				PRODUCT_BUNDLE_IDENTIFIER = team.stamp.Rupa;
				PRODUCT_NAME = "$(TARGET_NAME)";
				REGISTER_APP_GROUPS = YES;
				STRING_CATALOG_GENERATE_SYMBOLS = YES;
				SWIFT_APPROACHABLE_CONCURRENCY = YES;
				SWIFT_DEFAULT_ACTOR_ISOLATION = MainActor;
				SWIFT_EMIT_LOC_STRINGS = YES;
				SWIFT_UPCOMING_FEATURE_MEMBER_IMPORT_VISIBILITY = YES;
				SWIFT_VERSION = 6.0;
			};
			name = Debug;
		};
		12459AFB2FD133B200034B5E /* Release */ = {
			isa = XCBuildConfiguration;
			buildSettings = {
				ASSETCATALOG_COMPILER_APPICON_NAME = AppIcon;
				ASSETCATALOG_COMPILER_GLOBAL_ACCENT_COLOR_NAME = AccentColor;
				CODE_SIGN_ENTITLEMENTS = Rupa/Rupa.entitlements;
				CODE_SIGN_STYLE = Automatic;
				COMBINE_HIDPI_IMAGES = YES;
				CURRENT_PROJECT_VERSION = 1;
				DEVELOPMENT_TEAM = WWCKBW8CKN;
				ENABLE_APP_SANDBOX = YES;
				ENABLE_HARDENED_RUNTIME = YES;
				ENABLE_PREVIEWS = YES;
				ENABLE_USER_SELECTED_FILES = readonly;
				GENERATE_INFOPLIST_FILE = YES;
				INFOPLIST_KEY_NSHumanReadableCopyright = "";
				LD_RUNPATH_SEARCH_PATHS = (
					"$(inherited)",
					"@executable_path/../Frameworks",
				);
				MARKETING_VERSION = 1.0;
				PRODUCT_BUNDLE_IDENTIFIER = team.stamp.Rupa;
				PRODUCT_NAME = "$(TARGET_NAME)";
				REGISTER_APP_GROUPS = YES;
				STRING_CATALOG_GENERATE_SYMBOLS = YES;
				SWIFT_APPROACHABLE_CONCURRENCY = YES;
				SWIFT_DEFAULT_ACTOR_ISOLATION = MainActor;
				SWIFT_EMIT_LOC_STRINGS = YES;
				SWIFT_UPCOMING_FEATURE_MEMBER_IMPORT_VISIBILITY = YES;
				SWIFT_VERSION = 6.0;
			};
			name = Release;
		};
		12459AFD2FD133B200034B5E /* Debug */ = {
			isa = XCBuildConfiguration;
			buildSettings = {
				BUNDLE_LOADER = "$(TEST_HOST)";
				CODE_SIGN_STYLE = Automatic;
				CURRENT_PROJECT_VERSION = 1;
				DEVELOPMENT_TEAM = WWCKBW8CKN;
				GENERATE_INFOPLIST_FILE = YES;
				MACOSX_DEPLOYMENT_TARGET = 26.0;
				MARKETING_VERSION = 1.0;
				PRODUCT_BUNDLE_IDENTIFIER = team.stamp.RupaTests;
				PRODUCT_NAME = "$(TARGET_NAME)";
				STRING_CATALOG_GENERATE_SYMBOLS = NO;
				SWIFT_APPROACHABLE_CONCURRENCY = YES;
				SWIFT_EMIT_LOC_STRINGS = NO;
				SWIFT_UPCOMING_FEATURE_MEMBER_IMPORT_VISIBILITY = YES;
				SWIFT_VERSION = 6.0;
				TEST_HOST = "$(BUILT_PRODUCTS_DIR)/Rupa.app/$(BUNDLE_EXECUTABLE_FOLDER_PATH)/Rupa";
			};
			name = Debug;
		};
		12459AFE2FD133B200034B5E /* Release */ = {
			isa = XCBuildConfiguration;
			buildSettings = {
				BUNDLE_LOADER = "$(TEST_HOST)";
				CODE_SIGN_STYLE = Automatic;
				CURRENT_PROJECT_VERSION = 1;
				DEVELOPMENT_TEAM = WWCKBW8CKN;
				GENERATE_INFOPLIST_FILE = YES;
				MACOSX_DEPLOYMENT_TARGET = 26.0;
				MARKETING_VERSION = 1.0;
				PRODUCT_BUNDLE_IDENTIFIER = team.stamp.RupaTests;
				PRODUCT_NAME = "$(TARGET_NAME)";
				STRING_CATALOG_GENERATE_SYMBOLS = NO;
				SWIFT_APPROACHABLE_CONCURRENCY = YES;
				SWIFT_EMIT_LOC_STRINGS = NO;
				SWIFT_UPCOMING_FEATURE_MEMBER_IMPORT_VISIBILITY = YES;
				SWIFT_VERSION = 6.0;
				TEST_HOST = "$(BUILT_PRODUCTS_DIR)/Rupa.app/$(BUNDLE_EXECUTABLE_FOLDER_PATH)/Rupa";
			};
			name = Release;
		};
		12459B002FD133B200034B5E /* Debug */ = {
			isa = XCBuildConfiguration;
			buildSettings = {
				CODE_SIGN_STYLE = Automatic;
				CURRENT_PROJECT_VERSION = 1;
				DEVELOPMENT_TEAM = WWCKBW8CKN;
				GENERATE_INFOPLIST_FILE = YES;
				MARKETING_VERSION = 1.0;
				PRODUCT_BUNDLE_IDENTIFIER = team.stamp.RupaUITests;
				PRODUCT_NAME = "$(TARGET_NAME)";
				STRING_CATALOG_GENERATE_SYMBOLS = NO;
				SWIFT_APPROACHABLE_CONCURRENCY = YES;
				SWIFT_EMIT_LOC_STRINGS = NO;
				SWIFT_UPCOMING_FEATURE_MEMBER_IMPORT_VISIBILITY = YES;
				SWIFT_VERSION = 6.0;
				TEST_TARGET_NAME = Rupa;
			};
			name = Debug;
		};
		12459B012FD133B200034B5E /* Release */ = {
			isa = XCBuildConfiguration;
			buildSettings = {
				CODE_SIGN_STYLE = Automatic;
				CURRENT_PROJECT_VERSION = 1;
				DEVELOPMENT_TEAM = WWCKBW8CKN;
				GENERATE_INFOPLIST_FILE = YES;
				MARKETING_VERSION = 1.0;
				PRODUCT_BUNDLE_IDENTIFIER = team.stamp.RupaUITests;
				PRODUCT_NAME = "$(TARGET_NAME)";
				STRING_CATALOG_GENERATE_SYMBOLS = NO;
				SWIFT_APPROACHABLE_CONCURRENCY = YES;
				SWIFT_EMIT_LOC_STRINGS = NO;
				SWIFT_UPCOMING_FEATURE_MEMBER_IMPORT_VISIBILITY = YES;
				SWIFT_VERSION = 6.0;
				TEST_TARGET_NAME = Rupa;
			};
			name = Release;
		};
/* End XCBuildConfiguration section */

/* Begin XCConfigurationList section */
		12459AD12FD133B100034B5E /* Build configuration list for PBXProject "Rupa" */ = {
			isa = XCConfigurationList;
			buildConfigurations = (
				12459AF72FD133B200034B5E /* Debug */,
				12459AF82FD133B200034B5E /* Release */,
			);
			defaultConfigurationIsVisible = 0;
			defaultConfigurationName = Release;
		};
		12459AF92FD133B200034B5E /* Build configuration list for PBXNativeTarget "Rupa" */ = {
			isa = XCConfigurationList;
			buildConfigurations = (
				12459AFA2FD133B200034B5E /* Debug */,
				12459AFB2FD133B200034B5E /* Release */,
			);
			defaultConfigurationIsVisible = 0;
			defaultConfigurationName = Release;
		};
		12459AFC2FD133B200034B5E /* Build configuration list for PBXNativeTarget "RupaTests" */ = {
			isa = XCConfigurationList;
			buildConfigurations = (
				12459AFD2FD133B200034B5E /* Debug */,
				12459AFE2FD133B200034B5E /* Release */,
			);
			defaultConfigurationIsVisible = 0;
			defaultConfigurationName = Release;
		};
		12459AFF2FD133B200034B5E /* Build configuration list for PBXNativeTarget "RupaUITests" */ = {
			isa = XCConfigurationList;
			buildConfigurations = (
				12459B002FD133B200034B5E /* Debug */,
				12459B012FD133B200034B5E /* Release */,
			);
			defaultConfigurationIsVisible = 0;
			defaultConfigurationName = Release;
		};
/* End XCConfigurationList section */

/* Begin XCLocalSwiftPackageReference section */
		04A0884D275749F9B7818D23 /* XCLocalSwiftPackageReference "../../RupaKit" */ = {
			isa = XCLocalSwiftPackageReference;
			relativePath = ../../RupaKit;
		};
/* End XCLocalSwiftPackageReference section */

/* Begin XCSwiftPackageProductDependency section */
		43970828C8FF4D0C816A6D80 /* RupaUI */ = {
			isa = XCSwiftPackageProductDependency;
			package = 04A0884D275749F9B7818D23 /* XCLocalSwiftPackageReference "../../RupaKit" */;
			productName = RupaUI;
		};
		43970829C8FF4D0C816A6D80 /* RupaAgentUI */ = {
			isa = XCSwiftPackageProductDependency;
			package = 04A0884D275749F9B7818D23 /* XCLocalSwiftPackageReference "../../RupaKit" */;
			productName = RupaAgentUI;
		};
/* End XCSwiftPackageProductDependency section */
	};
	rootObject = 12459ACE2FD133B100034B5E /* Project object */;
}
