{
  "originHash" : "5afd16a6fd2b6ed0f3d4ca35037ac327277c388dca1c28c41ce20d77107c7a74",
  "pins" : [
    {
      "identity" : "mac-component",
      "kind" : "remoteSourceControl",
      "location" : "https://github.com/1amageek/mac-component",
      "state" : {
        "branch" : "main",
        "revision" : "604851e6d0f137195ad8a14aa9b300470f7fe272"
      }
    },
    {
      "identity" : "swift-argument-parser",
      "kind" : "remoteSourceControl",
      "location" : "https://github.com/apple/swift-argument-parser",
      "state" : {
        "revision" : "ca37474853a4b5f59a22c74bfdd449b1f6bc4cc2",
        "version" : "1.8.1"
      }
    },
    {
      "identity" : "swift-collections",
      "kind" : "remoteSourceControl",
      "location" : "https://github.com/apple/swift-collections",
      "state" : {
        "revision" : "fea17c02d767f46b23070fdfdacc28a03a39232a",
        "version" : "1.5.1"
      }
    },
    {
      "identity" : "swift-openusd",
      "kind" : "remoteSourceControl",
      "location" : "https://github.com/1amageek/swift-OpenUSD.git",
      "state" : {
        "revision" : "2c943c75ef9c0c32974663b13441a0972bec7d3e"
      }
    }
  ],
  "version" : 3
}
