{
  "originHash" : "2aa61a1ced700f28f0bd9b9da2031c5a7888e010bb64a13230c92fde8725892f",
  "pins" : [
    {
      "identity" : "mac-component",
      "kind" : "remoteSourceControl",
      "location" : "https://github.com/1amageek/mac-component",
      "state" : {
        "branch" : "main",
        "revision" : "604851e6d0f137195ad8a14aa9b300470f7fe272"
      }
    },
    {
      "identity" : "swift-argument-parser",
      "kind" : "remoteSourceControl",
      "location" : "https://github.com/apple/swift-argument-parser",
      "state" : {
        "revision" : "ca37474853a4b5f59a22c74bfdd449b1f6bc4cc2",
        "version" : "1.8.1"
      }
    },
    {
      "identity" : "swift-collections",
      "kind" : "remoteSourceControl",
      "location" : "https://github.com/apple/swift-collections",
      "state" : {
        "revision" : "fea17c02d767f46b23070fdfdacc28a03a39232a",
        "version" : "1.5.1"
      }
    },
    {
      "identity" : "swift-openusd",
      "kind" : "remoteSourceControl",
      "location" : "https://github.com/1amageek/swift-OpenUSD.git",
      "state" : {
        "revision" : "2c943c75ef9c0c32974663b13441a0972bec7d3e"
      }
    }
  ],
  "version" : 3
}
